// !$*UTF8*$!
{
	archiveVersion = 1;
	classes = {
	};
	objectVersion = 46;
	objects = {

/* Begin PBXBuildFile section */
		89639B551A2CE89600A2C9EA /* main.c in Sources */ = {isa = PBXBuildFile; fileRef = 89639B541A2CE89600A2C9EA /* main.c */; };
		89639B5C1A2CE9CC00A2C9EA /* adress_book.c in Sources */ = {isa = PBXBuildFile; fileRef = 89639B5B1A2CE9CC00A2C9EA /* adress_book.c */; };
/* End PBXBuildFile section */

/* Begin PBXCopyFilesBuildPhase section */
		89639B4F1A2CE89600A2C9EA /* CopyFiles */ = {
			isa = PBXCopyFilesBuildPhase;
			buildActionMask = 2147483647;
			dstPath = /usr/share/man/man1/;
			dstSubfolderSpec = 0;
			files = (
			);
			runOnlyForDeploymentPostprocessing = 1;
		};
/* End PBXCopyFilesBuildPhase section */

/* Begin PBXFileReference section */
		89639B511A2CE89600A2C9EA /* RFenengaAddressBook */ = {isa = PBXFileReference; explicitFileType = "compiled.mach-o.executable"; includeInIndex = 0; path = RFenengaAddressBook; sourceTree = BUILT_PRODUCTS_DIR; };
		89639B541A2CE89600A2C9EA /* main.c */ = {isa = PBXFileReference; lastKnownFileType = sourcecode.c.c; path = main.c; sourceTree = "<group>"; };
		89639B5B1A2CE9CC00A2C9EA /* adress_book.c */ = {isa = PBXFileReference; fileEncoding = 4; lastKnownFileType = sourcecode.c.c; path = adress_book.c; sourceTree = "<group>"; };
		89639B5E1A2CEC5300A2C9EA /* adress_book.h */ = {isa = PBXFileReference; lastKnownFileType = sourcecode.c.h; name = adress_book.h; path = ../adress_book.h; sourceTree = "<group>"; };
/* End PBXFileReference section */

/* Begin PBXFrameworksBuildPhase section */
		89639B4E1A2CE89600A2C9EA /* Frameworks */ = {
			isa = PBXFrameworksBuildPhase;
			buildActionMask = 2147483647;
			files = (
			);
			runOnlyForDeploymentPostprocessing = 0;
		};
/* End PBXFrameworksBuildPhase section */

/* Begin PBXGroup section */
		89639B481A2CE89600A2C9EA = {
			isa = PBXGroup;
			children = (
				89639B531A2CE89600A2C9EA /* RFenengaAddressBook */,
				89639B521A2CE89600A2C9EA /* Products */,
			);
			sourceTree = "<group>";
		};
		89639B521A2CE89600A2C9EA /* Products */ = {
			isa = PBXGroup;
			children = (
				89639B511A2CE89600A2C9EA /* RFenengaAddressBook */,
			);
			name = Products;
			sourceTree = "<group>";
		};
		89639B531A2CE89600A2C9EA /* RFenengaAddressBook */ = {
			isa = PBXGroup;
			children = (
				89639B5E1A2CEC5300A2C9EA /* adress_book.h */,
				89639B5B1A2CE9CC00A2C9EA /* adress_book.c */,
				89639B541A2CE89600A2C9EA /* main.c */,
			);
			path = RFenengaAddressBook;
			sourceTree = "<group>";
		};
/* End PBXGroup section */

/* Begin PBXNativeTarget section */
		89639B501A2CE89600A2C9EA /* RFenengaAddressBook */ = {
			isa = PBXNativeTarget;
			buildConfigurationList = 89639B581A2CE89600A2C9EA /* Build configuration list for PBXNativeTarget "RFenengaAddressBook" */;
			buildPhases = (
				89639B4D1A2CE89600A2C9EA /* Sources */,
				89639B4E1A2CE89600A2C9EA /* Frameworks */,
				89639B4F1A2CE89600A2C9EA /* CopyFiles */,
			);
			buildRules = (
			);
			dependencies = (
			);
			name = RFenengaAddressBook;
			productName = RFenengaAddressBook;
			productReference = 89639B511A2CE89600A2C9EA /* RFenengaAddressBook */;
			productType = "com.apple.product-type.tool";
		};
/* End PBXNativeTarget section */

/* Begin PBXProject section */
		89639B491A2CE89600A2C9EA /* Project object */ = {
			isa = PBXProject;
			attributes = {
				LastUpgradeCheck = 0610;
				ORGANIZATIONNAME = Piratech;
				TargetAttributes = {
					89639B501A2CE89600A2C9EA = {
						CreatedOnToolsVersion = 6.1;
					};
				};
			};
			buildConfigurationList = 89639B4C1A2CE89600A2C9EA /* Build configuration list for PBXProject "RFenengaAddressBook" */;
			compatibilityVersion = "Xcode 3.2";
			developmentRegion = English;
			hasScannedForEncodings = 0;
			knownRegions = (
				en,
			);
			mainGroup = 89639B481A2CE89600A2C9EA;
			productRefGroup = 89639B521A2CE89600A2C9EA /* Products */;
			projectDirPath = "";
			projectRoot = "";
			targets = (
				89639B501A2CE89600A2C9EA /* RFenengaAddressBook */,
			);
		};
/* End PBXProject section */

/* Begin PBXSourcesBuildPhase section */
		89639B4D1A2CE89600A2C9EA /* Sources */ = {
			isa = PBXSourcesBuildPhase;
			buildActionMask = 2147483647;
			files = (
				89639B5C1A2CE9CC00A2C9EA /* adress_book.c in Sources */,
				89639B551A2CE89600A2C9EA /* main.c in Sources */,
			);
			runOnlyForDeploymentPostprocessing = 0;
		};
/* End PBXSourcesBuildPhase section */

/* Begin XCBuildConfiguration section */
		89639B561A2CE89600A2C9EA /* Debug */ = {
			isa = XCBuildConfiguration;
			buildSettings = {
				ALWAYS_SEARCH_USER_PATHS = NO;
				CLANG_CXX_LANGUAGE_STANDARD = "gnu++0x";
				CLANG_CXX_LIBRARY = "libc++";
				CLANG_ENABLE_MODULES = YES;
				CLANG_ENABLE_OBJC_ARC = YES;
				CLANG_WARN_BOOL_CONVERSION = YES;
				CLANG_WARN_CONSTANT_CONVERSION = YES;
				CLANG_WARN_DIRECT_OBJC_ISA_USAGE = YES_ERROR;
				CLANG_WARN_EMPTY_BODY = YES;
				CLANG_WARN_ENUM_CONVERSION = YES;
				CLANG_WARN_INT_CONVERSION = YES;
				CLANG_WARN_OBJC_ROOT_CLASS = YES_ERROR;
				CLANG_WARN_UNREACHABLE_CODE = YES;
				CLANG_WARN__DUPLICATE_METHOD_MATCH = YES;
				COPY_PHASE_STRIP = NO;
				ENABLE_STRICT_OBJC_MSGSEND = YES;
				GCC_C_LANGUAGE_STANDARD = gnu99;
				GCC_DYNAMIC_NO_PIC = NO;
				GCC_OPTIMIZATION_LEVEL = 0;
				GCC_PREPROCESSOR_DEFINITIONS = (
					"DEBUG=1",
					"$(inherited)",
				);
				GCC_SYMBOLS_PRIVATE_EXTERN = NO;
				GCC_WARN_64_TO_32_BIT_CONVERSION = YES;
				GCC_WARN_ABOUT_RETURN_TYPE = YES_ERROR;
				GCC_WARN_UNDECLARED_SELECTOR = YES;
				GCC_WARN_UNINITIALIZED_AUTOS = YES_AGGRESSIVE;
				GCC_WARN_UNUSED_FUNCTION = YES;
				GCC_WARN_UNUSED_VARIABLE = YES;
				MACOSX_DEPLOYMENT_TARGET = 10.10;
				MTL_ENABLE_DEBUG_INFO = YES;
				ONLY_ACTIVE_ARCH = YES;
				SDKROOT = macosx;
			};
			name = Debug;
		};
		89639B571A2CE89600A2C9EA /* Release */ = {
			isa = XCBuildConfiguration;
			buildSettings = {
				ALWAYS_SEARCH_USER_PATHS = NO;
				CLANG_CXX_LANGUAGE_STANDARD = "gnu++0x";
				CLANG_CXX_LIBRARY = "libc++";
				CLANG_ENABLE_MODULES = YES;
				CLANG_ENABLE_OBJC_ARC = YES;
				CLANG_WARN_BOOL_CONVERSION = YES;
				CLANG_WARN_CONSTANT_CONVERSION = YES;
				CLANG_WARN_DIRECT_OBJC_ISA_USAGE = YES_ERROR;
				CLANG_WARN_EMPTY_BODY = YES;
				CLANG_WARN_ENUM_CONVERSION = YES;
				CLANG_WARN_INT_CONVERSION = YES;
				CLANG_WARN_OBJC_ROOT_CLASS = YES_ERROR;
				CLANG_WARN_UNREACHABLE_CODE = YES;
				CLANG_WARN__DUPLICATE_METHOD_MATCH = YES;
				COPY_PHASE_STRIP = YES;
				DEBUG_INFORMATION_FORMAT = "dwarf-with-dsym";
				ENABLE_NS_ASSERTIONS = NO;
				ENABLE_STRICT_OBJC_MSGSEND = YES;
				GCC_C_LANGUAGE_STANDARD = gnu99;
				GCC_WARN_64_TO_32_BIT_CONVERSION = YES;
				GCC_WARN_ABOUT_RETURN_TYPE = YES_ERROR;
				GCC_WARN_UNDECLARED_SELECTOR = YES;
				GCC_WARN_UNINITIALIZED_AUTOS = YES_AGGRESSIVE;
				GCC_WARN_UNUSED_FUNCTION = YES;
				GCC_WARN_UNUSED_VARIABLE = YES;
				MACOSX_DEPLOYMENT_TARGET = 10.10;
				MTL_ENABLE_DEBUG_INFO = NO;
				SDKROOT = macosx;
			};
			name = Release;
		};
		89639B591A2CE89600A2C9EA /* Debug */ = {
			isa = XCBuildConfiguration;
			buildSettings = {
				PRODUCT_NAME = "$(TARGET_NAME)";
			};
			name = Debug;
		};
		89639B5A1A2CE89600A2C9EA /* Release */ = {
			isa = XCBuildConfiguration;
			buildSettings = {
				PRODUCT_NAME = "$(TARGET_NAME)";
			};
			name = Release;
		};
/* End XCBuildConfiguration section */

/* Begin XCConfigurationList section */
		89639B4C1A2CE89600A2C9EA /* Build configuration list for PBXProject "RFenengaAddressBook" */ = {
			isa = XCConfigurationList;
			buildConfigurations = (
				89639B561A2CE89600A2C9EA /* Debug */,
				89639B571A2CE89600A2C9EA /* Release */,
			);
			defaultConfigurationIsVisible = 0;
			defaultConfigurationName = Release;
		};
		89639B581A2CE89600A2C9EA /* Build configuration list for PBXNativeTarget "RFenengaAddressBook" */ = {
			isa = XCConfigurationList;
			buildConfigurations = (
				89639B591A2CE89600A2C9EA /* Debug */,
				89639B5A1A2CE89600A2C9EA /* Release */,
			);
			defaultConfigurationIsVisible = 0;
		};
/* End XCConfigurationList section */
	};
	rootObject = 89639B491A2CE89600A2C9EA /* Project object */;
}
